
Microsoft Visual Studio Solution File, Format Version 12.00
# Visual Studio Version 16
VisualStudioVersion = 16.0.31515.178
MinimumVisualStudioVersion = 10.0.40219.1
Project("{9A19103F-16F7-4668-BE54-9A1E7A4F7556}") = "WFMProject", "WFMProject.csproj", "{299F9EDE-FA4E-44EB-959D-13876BEA25C1}"
EndProject
Project("{FAE04EC0-301F-11D3-BF4B-00C04F79EFBC}") = "WFMDbContext", "..\WFMDbContext\WFMDbContext.csproj", "{BB979DEE-792C-4A37-8D84-45801A0A1C56}"
EndProject
Global
	GlobalSection(SolutionConfigurationPlatforms) = preSolution
		Debug|Any CPU = Debug|Any CPU
		Release|Any CPU = Release|Any CPU
	EndGlobalSection
	GlobalSection(ProjectConfigurationPlatforms) = postSolution
		{299F9EDE-FA4E-44EB-959D-13876BEA25C1}.Debug|Any CPU.ActiveCfg = Debug|Any CPU
		{299F9EDE-FA4E-44EB-959D-13876BEA25C1}.Debug|Any CPU.Build.0 = Debug|Any CPU
		{299F9EDE-FA4E-44EB-959D-13876BEA25C1}.Release|Any CPU.ActiveCfg = Release|Any CPU
		{299F9EDE-FA4E-44EB-959D-13876BEA25C1}.Release|Any CPU.Build.0 = Release|Any CPU
		{BB979DEE-792C-4A37-8D84-45801A0A1C56}.Debug|Any CPU.ActiveCfg = Debug|Any CPU
		{BB979DEE-792C-4A37-8D84-45801A0A1C56}.Debug|Any CPU.Build.0 = Debug|Any CPU
		{BB979DEE-792C-4A37-8D84-45801A0A1C56}.Release|Any CPU.ActiveCfg = Release|Any CPU
		{BB979DEE-792C-4A37-8D84-45801A0A1C56}.Release|Any CPU.Build.0 = Release|Any CPU
	EndGlobalSection
	GlobalSection(SolutionProperties) = preSolution
		HideSolutionNode = FALSE
	EndGlobalSection
	GlobalSection(ExtensibilityGlobals) = postSolution
		SolutionGuid = {75E2FCCB-C07F-4F30-8F49-E8B0CBB59A2A}
	EndGlobalSection
EndGlobal
