
Microsoft Visual Studio Solution File, Format Version 12.00
# Visual Studio Version 16
VisualStudioVersion = 16.0.31515.178
MinimumVisualStudioVersion = 10.0.40219.1
Project("{FAE04EC0-301F-11D3-BF4B-00C04F79EFBC}") = "Task4", "Task4.csproj", "{AE614B6C-FE5A-4032-80AA-C750DF5D8809}"
EndProject
Global
	GlobalSection(SolutionConfigurationPlatforms) = preSolution
		Debug|Any CPU = Debug|Any CPU
		Release|Any CPU = Release|Any CPU
	EndGlobalSection
	GlobalSection(ProjectConfigurationPlatforms) = postSolution
		{AE614B6C-FE5A-4032-80AA-C750DF5D8809}.Debug|Any CPU.ActiveCfg = Debug|Any CPU
		{AE614B6C-FE5A-4032-80AA-C750DF5D8809}.Debug|Any CPU.Build.0 = Debug|Any CPU
		{AE614B6C-FE5A-4032-80AA-C750DF5D8809}.Release|Any CPU.ActiveCfg = Release|Any CPU
		{AE614B6C-FE5A-4032-80AA-C750DF5D8809}.Release|Any CPU.Build.0 = Release|Any CPU
	EndGlobalSection
	GlobalSection(SolutionProperties) = preSolution
		HideSolutionNode = FALSE
	EndGlobalSection
	GlobalSection(ExtensibilityGlobals) = postSolution
		SolutionGuid = {468FB900-CF59-446C-92CA-8A4901900221}
	EndGlobalSection
EndGlobal
